
Microsoft Visual Studio Solution File, Format Version 12.00
# Visual Studio 15
VisualStudioVersion = 15.0.27130.2036
MinimumVisualStudioVersion = 10.0.40219.1
Project("{8BC9CEB8-8B4A-11D0-8D11-00A0C91BC942}") = "HashFunction", "HadhFunction\HadhFunction.vcxproj", "{3537426D-9918-4A24-857D-DFE5DA70AC68}"
EndProject
Project("{8BC9CEB8-8B4A-11D0-8D11-00A0C91BC942}") = "BinaryThree", "BinaryThree\BinaryThree.vcxproj", "{DFAF004D-401F-4717-9726-AE9A7A456817}"
EndProject
Global
	GlobalSection(SolutionConfigurationPlatforms) = preSolution
		Debug|x64 = Debug|x64
		Debug|x86 = Debug|x86
		Release|x64 = Release|x64
		Release|x86 = Release|x86
	EndGlobalSection
	GlobalSection(ProjectConfigurationPlatforms) = postSolution
		{3537426D-9918-4A24-857D-DFE5DA70AC68}.Debug|x64.ActiveCfg = Debug|x64
		{3537426D-9918-4A24-857D-DFE5DA70AC68}.Debug|x64.Build.0 = Debug|x64
		{3537426D-9918-4A24-857D-DFE5DA70AC68}.Debug|x86.ActiveCfg = Debug|Win32
		{3537426D-9918-4A24-857D-DFE5DA70AC68}.Debug|x86.Build.0 = Debug|Win32
		{3537426D-9918-4A24-857D-DFE5DA70AC68}.Release|x64.ActiveCfg = Release|x64
		{3537426D-9918-4A24-857D-DFE5DA70AC68}.Release|x64.Build.0 = Release|x64
		{3537426D-9918-4A24-857D-DFE5DA70AC68}.Release|x86.ActiveCfg = Release|Win32
		{3537426D-9918-4A24-857D-DFE5DA70AC68}.Release|x86.Build.0 = Release|Win32
		{DFAF004D-401F-4717-9726-AE9A7A456817}.Debug|x64.ActiveCfg = Debug|x64
		{DFAF004D-401F-4717-9726-AE9A7A456817}.Debug|x64.Build.0 = Debug|x64
		{DFAF004D-401F-4717-9726-AE9A7A456817}.Debug|x86.ActiveCfg = Debug|Win32
		{DFAF004D-401F-4717-9726-AE9A7A456817}.Debug|x86.Build.0 = Debug|Win32
		{DFAF004D-401F-4717-9726-AE9A7A456817}.Release|x64.ActiveCfg = Release|x64
		{DFAF004D-401F-4717-9726-AE9A7A456817}.Release|x64.Build.0 = Release|x64
		{DFAF004D-401F-4717-9726-AE9A7A456817}.Release|x86.ActiveCfg = Release|Win32
		{DFAF004D-401F-4717-9726-AE9A7A456817}.Release|x86.Build.0 = Release|Win32
	EndGlobalSection
	GlobalSection(SolutionProperties) = preSolution
		HideSolutionNode = FALSE
	EndGlobalSection
	GlobalSection(ExtensibilityGlobals) = postSolution
		SolutionGuid = {50E9FEF8-CE5F-429C-996B-852FF34FE19E}
	EndGlobalSection
EndGlobal
